
Microsoft Visual Studio Solution File, Format Version 12.00
# Visual Studio Version 17
VisualStudioVersion = 17.4.33213.308
MinimumVisualStudioVersion = 10.0.40219.1
Project("{FAE04EC0-301F-11D3-BF4B-00C04F79EFBC}") = "Themepark", "Themepark.csproj", "{D27AC363-1E45-4A6D-8C3D-B74214F8896E}"
EndProject
Global
	GlobalSection(SolutionConfigurationPlatforms) = preSolution
		Debug|Any CPU = Debug|Any CPU
		Release|Any CPU = Release|Any CPU
	EndGlobalSection
	GlobalSection(ProjectConfigurationPlatforms) = postSolution
		{D27AC363-1E45-4A6D-8C3D-B74214F8896E}.Debug|Any CPU.ActiveCfg = Debug|Any CPU
		{D27AC363-1E45-4A6D-8C3D-B74214F8896E}.Debug|Any CPU.Build.0 = Debug|Any CPU
		{D27AC363-1E45-4A6D-8C3D-B74214F8896E}.Release|Any CPU.ActiveCfg = Release|Any CPU
		{D27AC363-1E45-4A6D-8C3D-B74214F8896E}.Release|Any CPU.Build.0 = Release|Any CPU
	EndGlobalSection
	GlobalSection(SolutionProperties) = preSolution
		HideSolutionNode = FALSE
	EndGlobalSection
	GlobalSection(ExtensibilityGlobals) = postSolution
		SolutionGuid = {E1B67CD7-E53B-4316-BD2B-B6932B6053F1}
	EndGlobalSection
EndGlobal
